// !$*UTF8*$!
{
	archiveVersion = 1;
	classes = {
	};
	objectVersion = 46;
	objects = {

/* Begin PBXGroup section */
		1D05ABAD13ED0D7000EADBF6 = {
			isa = PBXGroup;
			children = (
			);
			sourceTree = "<group>";
		};
/* End PBXGroup section */

/* Begin PBXProject section */
		1D05ABAF13ED0D7000EADBF6 /* Project object */ = {
			isa = PBXProject;
			buildConfigurationList = 1D05ABB213ED0D7000EADBF6 /* Build configuration list for PBXProject "HWSensors" */;
			compatibilityVersion = "Xcode 3.2";
			developmentRegion = English;
			hasScannedForEncodings = 0;
			knownRegions = (
				en,
			);
			mainGroup = 1D05ABAD13ED0D7000EADBF6;
			projectDirPath = "";
			projectRoot = "";
			targets = (
			);
		};
/* End PBXProject section */

/* Begin XCBuildConfiguration section */
		1D05ABB413ED0D7000EADBF6 /* Debug */ = {
			isa = XCBuildConfiguration;
			buildSettings = {
			};
			name = Debug;
		};
		1D05ABB513ED0D7000EADBF6 /* Release */ = {
			isa = XCBuildConfiguration;
			buildSettings = {
			};
			name = Release;
		};
/* End XCBuildConfiguration section */

/* Begin XCConfigurationList section */
		1D05ABB213ED0D7000EADBF6 /* Build configuration list for PBXProject "HWSensors" */ = {
			isa = XCConfigurationList;
			buildConfigurations = (
				1D05ABB413ED0D7000EADBF6 /* Debug */,
				1D05ABB513ED0D7000EADBF6 /* Release */,
			);
			defaultConfigurationIsVisible = 0;
			defaultConfigurationName = Release;
		};
/* End XCConfigurationList section */
	};
	rootObject = 1D05ABAF13ED0D7000EADBF6 /* Project object */;
}
